
Microsoft Visual Studio Solution File, Format Version 12.00
Project("{FAE04EC0-301F-11D3-BF4B-00C04F79EFBC}") = "ExampleBlogApi", "ExampleBlogApi\ExampleBlogApi.csproj", "{0A4C4BF4-C260-49A6-80D8-701CE05CC0ED}"
EndProject
Project("{2150E333-8FDC-42A3-9474-1A3956D46DE8}") = "Solution Items", "Solution Items", "{56DC0B2A-25A9-4D7B-B6C0-418924F9F015}"
	ProjectSection(SolutionItems) = preProject
		docker-compose.yml = docker-compose.yml
		.env = .env
		.env.example = .env.example
		.gitignore = .gitignore
		.editorconfig = .editorconfig
	EndProjectSection
EndProject
Global
	GlobalSection(SolutionConfigurationPlatforms) = preSolution
		Debug|Any CPU = Debug|Any CPU
		Release|Any CPU = Release|Any CPU
	EndGlobalSection
	GlobalSection(ProjectConfigurationPlatforms) = postSolution
		{0A4C4BF4-C260-49A6-80D8-701CE05CC0ED}.Debug|Any CPU.ActiveCfg = Debug|Any CPU
		{0A4C4BF4-C260-49A6-80D8-701CE05CC0ED}.Debug|Any CPU.Build.0 = Debug|Any CPU
		{0A4C4BF4-C260-49A6-80D8-701CE05CC0ED}.Release|Any CPU.ActiveCfg = Release|Any CPU
		{0A4C4BF4-C260-49A6-80D8-701CE05CC0ED}.Release|Any CPU.Build.0 = Release|Any CPU
	EndGlobalSection
EndGlobal
